// !$*UTF8*$!
{
	archiveVersion = 1;
	classes = {
	};
	objectVersion = 50;
	objects = {

/* Begin PBXBuildFile section */
		7063DE8221747B13003CBFDE /* AppDelegate.m in Sources */ = {isa = PBXBuildFile; fileRef = 7063DE8121747B13003CBFDE /* AppDelegate.m */; };
		7063DE8521747B13003CBFDE /* ViewController.m in Sources */ = {isa = PBXBuildFile; fileRef = 7063DE8421747B13003CBFDE /* ViewController.m */; };
		7063DE8821747B13003CBFDE /* Main.storyboard in Resources */ = {isa = PBXBuildFile; fileRef = 7063DE8621747B13003CBFDE /* Main.storyboard */; };
		7063DE8A21747B15003CBFDE /* Assets.xcassets in Resources */ = {isa = PBXBuildFile; fileRef = 7063DE8921747B15003CBFDE /* Assets.xcassets */; };
		7063DE8D21747B15003CBFDE /* LaunchScreen.storyboard in Resources */ = {isa = PBXBuildFile; fileRef = 7063DE8B21747B15003CBFDE /* LaunchScreen.storyboard */; };
		7063DE9021747B15003CBFDE /* main.m in Sources */ = {isa = PBXBuildFile; fileRef = 7063DE8F21747B15003CBFDE /* main.m */; };
		7063DE9A21747B15003CBFDE /* GitTerminalExampleTests.m in Sources */ = {isa = PBXBuildFile; fileRef = 7063DE9921747B15003CBFDE /* GitTerminalExampleTests.m */; };
		7063DEA521747B15003CBFDE /* GitTerminalExampleUITests.m in Sources */ = {isa = PBXBuildFile; fileRef = 7063DEA421747B15003CBFDE /* GitTerminalExampleUITests.m */; };
/* End PBXBuildFile section */

/* Begin PBXContainerItemProxy section */
		7063DE9621747B15003CBFDE /* PBXContainerItemProxy */ = {
			isa = PBXContainerItemProxy;
			containerPortal = 7063DE7521747B13003CBFDE /* Project object */;
			proxyType = 1;
			remoteGlobalIDString = 7063DE7C21747B13003CBFDE;
			remoteInfo = GitTerminalExample;
		};
		7063DEA121747B15003CBFDE /* PBXContainerItemProxy */ = {
			isa = PBXContainerItemProxy;
			containerPortal = 7063DE7521747B13003CBFDE /* Project object */;
			proxyType = 1;
			remoteGlobalIDString = 7063DE7C21747B13003CBFDE;
			remoteInfo = GitTerminalExample;
		};
/* End PBXContainerItemProxy section */

/* Begin PBXFileReference section */
		7063DE7D21747B13003CBFDE /* GitTerminalExample.app */ = {isa = PBXFileReference; explicitFileType = wrapper.application; includeInIndex = 0; path = GitTerminalExample.app; sourceTree = BUILT_PRODUCTS_DIR; };
		7063DE8021747B13003CBFDE /* AppDelegate.h */ = {isa = PBXFileReference; lastKnownFileType = sourcecode.c.h; path = AppDelegate.h; sourceTree = "<group>"; };
		7063DE8121747B13003CBFDE /* AppDelegate.m */ = {isa = PBXFileReference; lastKnownFileType = sourcecode.c.objc; path = AppDelegate.m; sourceTree = "<group>"; };
		7063DE8321747B13003CBFDE /* ViewController.h */ = {isa = PBXFileReference; lastKnownFileType = sourcecode.c.h; path = ViewController.h; sourceTree = "<group>"; };
		7063DE8421747B13003CBFDE /* ViewController.m */ = {isa = PBXFileReference; lastKnownFileType = sourcecode.c.objc; path = ViewController.m; sourceTree = "<group>"; };
		7063DE8721747B13003CBFDE /* Base */ = {isa = PBXFileReference; lastKnownFileType = file.storyboard; name = Base; path = Base.lproj/Main.storyboard; sourceTree = "<group>"; };
		7063DE8921747B15003CBFDE /* Assets.xcassets */ = {isa = PBXFileReference; lastKnownFileType = folder.assetcatalog; path = Assets.xcassets; sourceTree = "<group>"; };
		7063DE8C21747B15003CBFDE /* Base */ = {isa = PBXFileReference; lastKnownFileType = file.storyboard; name = Base; path = Base.lproj/LaunchScreen.storyboard; sourceTree = "<group>"; };
		7063DE8E21747B15003CBFDE /* Info.plist */ = {isa = PBXFileReference; lastKnownFileType = text.plist.xml; path = Info.plist; sourceTree = "<group>"; };
		7063DE8F21747B15003CBFDE /* main.m */ = {isa = PBXFileReference; lastKnownFileType = sourcecode.c.objc; path = main.m; sourceTree = "<group>"; };
		7063DE9521747B15003CBFDE /* GitTerminalExampleTests.xctest */ = {isa = PBXFileReference; explicitFileType = wrapper.cfbundle; includeInIndex = 0; path = GitTerminalExampleTests.xctest; sourceTree = BUILT_PRODUCTS_DIR; };
		7063DE9921747B15003CBFDE /* GitTerminalExampleTests.m */ = {isa = PBXFileReference; lastKnownFileType = sourcecode.c.objc; path = GitTerminalExampleTests.m; sourceTree = "<group>"; };
		7063DE9B21747B15003CBFDE /* Info.plist */ = {isa = PBXFileReference; lastKnownFileType = text.plist.xml; path = Info.plist; sourceTree = "<group>"; };
		7063DEA021747B15003CBFDE /* GitTerminalExampleUITests.xctest */ = {isa = PBXFileReference; explicitFileType = wrapper.cfbundle; includeInIndex = 0; path = GitTerminalExampleUITests.xctest; sourceTree = BUILT_PRODUCTS_DIR; };
		7063DEA421747B15003CBFDE /* GitTerminalExampleUITests.m */ = {isa = PBXFileReference; lastKnownFileType = sourcecode.c.objc; path = GitTerminalExampleUITests.m; sourceTree = "<group>"; };
		7063DEA621747B15003CBFDE /* Info.plist */ = {isa = PBXFileReference; lastKnownFileType = text.plist.xml; path = Info.plist; sourceTree = "<group>"; };
/* End PBXFileReference section */

/* Begin PBXFrameworksBuildPhase section */
		7063DE7A21747B13003CBFDE /* Frameworks */ = {
			isa = PBXFrameworksBuildPhase;
			buildActionMask = 2147483647;
			files = (
			);
			runOnlyForDeploymentPostprocessing = 0;
		};
		7063DE9221747B15003CBFDE /* Frameworks */ = {
			isa = PBXFrameworksBuildPhase;
			buildActionMask = 2147483647;
			files = (
			);
			runOnlyForDeploymentPostprocessing = 0;
		};
		7063DE9D21747B15003CBFDE /* Frameworks */ = {
			isa = PBXFrameworksBuildPhase;
			buildActionMask = 2147483647;
			files = (
			);
			runOnlyForDeploymentPostprocessing = 0;
		};
/* End PBXFrameworksBuildPhase section */

/* Begin PBXGroup section */
		7063DE7421747B13003CBFDE = {
			isa = PBXGroup;
			children = (
				7063DE7F21747B13003CBFDE /* GitTerminalExample */,
				7063DE9821747B15003CBFDE /* GitTerminalExampleTests */,
				7063DEA321747B15003CBFDE /* GitTerminalExampleUITests */,
				7063DE7E21747B13003CBFDE /* Products */,
			);
			sourceTree = "<group>";
		};
		7063DE7E21747B13003CBFDE /* Products */ = {
			isa = PBXGroup;
			children = (
				7063DE7D21747B13003CBFDE /* GitTerminalExample.app */,
				7063DE9521747B15003CBFDE /* GitTerminalExampleTests.xctest */,
				7063DEA021747B15003CBFDE /* GitTerminalExampleUITests.xctest */,
			);
			name = Products;
			sourceTree = "<group>";
		};
		7063DE7F21747B13003CBFDE /* GitTerminalExample */ = {
			isa = PBXGroup;
			children = (
				7063DE8021747B13003CBFDE /* AppDelegate.h */,
				7063DE8121747B13003CBFDE /* AppDelegate.m */,
				7063DE8321747B13003CBFDE /* ViewController.h */,
				7063DE8421747B13003CBFDE /* ViewController.m */,
				7063DE8621747B13003CBFDE /* Main.storyboard */,
				7063DE8921747B15003CBFDE /* Assets.xcassets */,
				7063DE8B21747B15003CBFDE /* LaunchScreen.storyboard */,
				7063DE8E21747B15003CBFDE /* Info.plist */,
				7063DE8F21747B15003CBFDE /* main.m */,
			);
			path = GitTerminalExample;
			sourceTree = "<group>";
		};
		7063DE9821747B15003CBFDE /* GitTerminalExampleTests */ = {
			isa = PBXGroup;
			children = (
				7063DE9921747B15003CBFDE /* GitTerminalExampleTests.m */,
				7063DE9B21747B15003CBFDE /* Info.plist */,
			);
			path = GitTerminalExampleTests;
			sourceTree = "<group>";
		};
		7063DEA321747B15003CBFDE /* GitTerminalExampleUITests */ = {
			isa = PBXGroup;
			children = (
				7063DEA421747B15003CBFDE /* GitTerminalExampleUITests.m */,
				7063DEA621747B15003CBFDE /* Info.plist */,
			);
			path = GitTerminalExampleUITests;
			sourceTree = "<group>";
		};
/* End PBXGroup section */

/* Begin PBXNativeTarget section */
		7063DE7C21747B13003CBFDE /* GitTerminalExample */ = {
			isa = PBXNativeTarget;
			buildConfigurationList = 7063DEA921747B15003CBFDE /* Build configuration list for PBXNativeTarget "GitTerminalExample" */;
			buildPhases = (
				7063DE7921747B13003CBFDE /* Sources */,
				7063DE7A21747B13003CBFDE /* Frameworks */,
				7063DE7B21747B13003CBFDE /* Resources */,
			);
			buildRules = (
			);
			dependencies = (
			);
			name = GitTerminalExample;
			productName = GitTerminalExample;
			productReference = 7063DE7D21747B13003CBFDE /* GitTerminalExample.app */;
			productType = "com.apple.product-type.application";
		};
		7063DE9421747B15003CBFDE /* GitTerminalExampleTests */ = {
			isa = PBXNativeTarget;
			buildConfigurationList = 7063DEAC21747B15003CBFDE /* Build configuration list for PBXNativeTarget "GitTerminalExampleTests" */;
			buildPhases = (
				7063DE9121747B15003CBFDE /* Sources */,
				7063DE9221747B15003CBFDE /* Frameworks */,
				7063DE9321747B15003CBFDE /* Resources */,
			);
			buildRules = (
			);
			dependencies = (
				7063DE9721747B15003CBFDE /* PBXTargetDependency */,
			);
			name = GitTerminalExampleTests;
			productName = GitTerminalExampleTests;
			productReference = 7063DE9521747B15003CBFDE /* GitTerminalExampleTests.xctest */;
			productType = "com.apple.product-type.bundle.unit-test";
		};
		7063DE9F21747B15003CBFDE /* GitTerminalExampleUITests */ = {
			isa = PBXNativeTarget;
			buildConfigurationList = 7063DEAF21747B15003CBFDE /* Build configuration list for PBXNativeTarget "GitTerminalExampleUITests" */;
			buildPhases = (
				7063DE9C21747B15003CBFDE /* Sources */,
				7063DE9D21747B15003CBFDE /* Frameworks */,
				7063DE9E21747B15003CBFDE /* Resources */,
			);
			buildRules = (
			);
			dependencies = (
				7063DEA221747B15003CBFDE /* PBXTargetDependency */,
			);
			name = GitTerminalExampleUITests;
			productName = GitTerminalExampleUITests;
			productReference = 7063DEA021747B15003CBFDE /* GitTerminalExampleUITests.xctest */;
			productType = "com.apple.product-type.bundle.ui-testing";
		};
/* End PBXNativeTarget section */

/* Begin PBXProject section */
		7063DE7521747B13003CBFDE /* Project object */ = {
			isa = PBXProject;
			attributes = {
				LastUpgradeCheck = 1000;
				ORGANIZATIONNAME = "mTL NARESH";
				TargetAttributes = {
					7063DE7C21747B13003CBFDE = {
						CreatedOnToolsVersion = 10.0;
					};
					7063DE9421747B15003CBFDE = {
						CreatedOnToolsVersion = 10.0;
						TestTargetID = 7063DE7C21747B13003CBFDE;
					};
					7063DE9F21747B15003CBFDE = {
						CreatedOnToolsVersion = 10.0;
						TestTargetID = 7063DE7C21747B13003CBFDE;
					};
				};
			};
			buildConfigurationList = 7063DE7821747B13003CBFDE /* Build configuration list for PBXProject "GitTerminalExample" */;
			compatibilityVersion = "Xcode 9.3";
			developmentRegion = en;
			hasScannedForEncodings = 0;
			knownRegions = (
				en,
				Base,
			);
			mainGroup = 7063DE7421747B13003CBFDE;
			productRefGroup = 7063DE7E21747B13003CBFDE /* Products */;
			projectDirPath = "";
			projectRoot = "";
			targets = (
				7063DE7C21747B13003CBFDE /* GitTerminalExample */,
				7063DE9421747B15003CBFDE /* GitTerminalExampleTests */,
				7063DE9F21747B15003CBFDE /* GitTerminalExampleUITests */,
			);
		};
/* End PBXProject section */

/* Begin PBXResourcesBuildPhase section */
		7063DE7B21747B13003CBFDE /* Resources */ = {
			isa = PBXResourcesBuildPhase;
			buildActionMask = 2147483647;
			files = (
				7063DE8D21747B15003CBFDE /* LaunchScreen.storyboard in Resources */,
				7063DE8A21747B15003CBFDE /* Assets.xcassets in Resources */,
				7063DE8821747B13003CBFDE /* Main.storyboard in Resources */,
			);
			runOnlyForDeploymentPostprocessing = 0;
		};
		7063DE9321747B15003CBFDE /* Resources */ = {
			isa = PBXResourcesBuildPhase;
			buildActionMask = 2147483647;
			files = (
			);
			runOnlyForDeploymentPostprocessing = 0;
		};
		7063DE9E21747B15003CBFDE /* Resources */ = {
			isa = PBXResourcesBuildPhase;
			buildActionMask = 2147483647;
			files = (
			);
			runOnlyForDeploymentPostprocessing = 0;
		};
/* End PBXResourcesBuildPhase section */

/* Begin PBXSourcesBuildPhase section */
		7063DE7921747B13003CBFDE /* Sources */ = {
			isa = PBXSourcesBuildPhase;
			buildActionMask = 2147483647;
			files = (
				7063DE8521747B13003CBFDE /* ViewController.m in Sources */,
				7063DE9021747B15003CBFDE /* main.m in Sources */,
				7063DE8221747B13003CBFDE /* AppDelegate.m in Sources */,
			);
			runOnlyForDeploymentPostprocessing = 0;
		};
		7063DE9121747B15003CBFDE /* Sources */ = {
			isa = PBXSourcesBuildPhase;
			buildActionMask = 2147483647;
			files = (
				7063DE9A21747B15003CBFDE /* GitTerminalExampleTests.m in Sources */,
			);
			runOnlyForDeploymentPostprocessing = 0;
		};
		7063DE9C21747B15003CBFDE /* Sources */ = {
			isa = PBXSourcesBuildPhase;
			buildActionMask = 2147483647;
			files = (
				7063DEA521747B15003CBFDE /* GitTerminalExampleUITests.m in Sources */,
			);
			runOnlyForDeploymentPostprocessing = 0;
		};
/* End PBXSourcesBuildPhase section */

/* Begin PBXTargetDependency section */
		7063DE9721747B15003CBFDE /* PBXTargetDependency */ = {
			isa = PBXTargetDependency;
			target = 7063DE7C21747B13003CBFDE /* GitTerminalExample */;
			targetProxy = 7063DE9621747B15003CBFDE /* PBXContainerItemProxy */;
		};
		7063DEA221747B15003CBFDE /* PBXTargetDependency */ = {
			isa = PBXTargetDependency;
			target = 7063DE7C21747B13003CBFDE /* GitTerminalExample */;
			targetProxy = 7063DEA121747B15003CBFDE /* PBXContainerItemProxy */;
		};
/* End PBXTargetDependency section */

/* Begin PBXVariantGroup section */
		7063DE8621747B13003CBFDE /* Main.storyboard */ = {
			isa = PBXVariantGroup;
			children = (
				7063DE8721747B13003CBFDE /* Base */,
			);
			name = Main.storyboard;
			sourceTree = "<group>";
		};
		7063DE8B21747B15003CBFDE /* LaunchScreen.storyboard */ = {
			isa = PBXVariantGroup;
			children = (
				7063DE8C21747B15003CBFDE /* Base */,
			);
			name = LaunchScreen.storyboard;
			sourceTree = "<group>";
		};
/* End PBXVariantGroup section */

/* Begin XCBuildConfiguration section */
		7063DEA721747B15003CBFDE /* Debug */ = {
			isa = XCBuildConfiguration;
			buildSettings = {
				ALWAYS_SEARCH_USER_PATHS = NO;
				CLANG_ANALYZER_NONNULL = YES;
				CLANG_ANALYZER_NUMBER_OBJECT_CONVERSION = YES_AGGRESSIVE;
				CLANG_CXX_LANGUAGE_STANDARD = "gnu++14";
				CLANG_CXX_LIBRARY = "libc++";
				CLANG_ENABLE_MODULES = YES;
				CLANG_ENABLE_OBJC_ARC = YES;
				CLANG_ENABLE_OBJC_WEAK = YES;
				CLANG_WARN_BLOCK_CAPTURE_AUTORELEASING = YES;
				CLANG_WARN_BOOL_CONVERSION = YES;
				CLANG_WARN_COMMA = YES;
				CLANG_WARN_CONSTANT_CONVERSION = YES;
				CLANG_WARN_DEPRECATED_OBJC_IMPLEMENTATIONS = YES;
				CLANG_WARN_DIRECT_OBJC_ISA_USAGE = YES_ERROR;
				CLANG_WARN_DOCUMENTATION_COMMENTS = YES;
				CLANG_WARN_EMPTY_BODY = YES;
				CLANG_WARN_ENUM_CONVERSION = YES;
				CLANG_WARN_INFINITE_RECURSION = YES;
				CLANG_WARN_INT_CONVERSION = YES;
				CLANG_WARN_NON_LITERAL_NULL_CONVERSION = YES;
				CLANG_WARN_OBJC_IMPLICIT_RETAIN_SELF = YES;
				CLANG_WARN_OBJC_LITERAL_CONVERSION = YES;
				CLANG_WARN_OBJC_ROOT_CLASS = YES_ERROR;
				CLANG_WARN_RANGE_LOOP_ANALYSIS = YES;
				CLANG_WARN_STRICT_PROTOTYPES = YES;
				CLANG_WARN_SUSPICIOUS_MOVE = YES;
				CLANG_WARN_UNGUARDED_AVAILABILITY = YES_AGGRESSIVE;
				CLANG_WARN_UNREACHABLE_CODE = YES;
				CLANG_WARN__DUPLICATE_METHOD_MATCH = YES;
				CODE_SIGN_IDENTITY = "iPhone Developer";
				COPY_PHASE_STRIP = NO;
				DEBUG_INFORMATION_FORMAT = dwarf;
				ENABLE_STRICT_OBJC_MSGSEND = YES;
				ENABLE_TESTABILITY = YES;
				GCC_C_LANGUAGE_STANDARD = gnu11;
				GCC_DYNAMIC_NO_PIC = NO;
				GCC_NO_COMMON_BLOCKS = YES;
				GCC_OPTIMIZATION_LEVEL = 0;
				GCC_PREPROCESSOR_DEFINITIONS = (
					"DEBUG=1",
					"$(inherited)",
				);
				GCC_WARN_64_TO_32_BIT_CONVERSION = YES;
				GCC_WARN_ABOUT_RETURN_TYPE = YES_ERROR;
				GCC_WARN_UNDECLARED_SELECTOR = YES;
				GCC_WARN_UNINITIALIZED_AUTOS = YES_AGGRESSIVE;
				GCC_WARN_UNUSED_FUNCTION = YES;
				GCC_WARN_UNUSED_VARIABLE = YES;
				IPHONEOS_DEPLOYMENT_TARGET = 12.0;
				MTL_ENABLE_DEBUG_INFO = INCLUDE_SOURCE;
				MTL_FAST_MATH = YES;
				ONLY_ACTIVE_ARCH = YES;
				SDKROOT = iphoneos;
			};
			name = Debug;
		};
		7063DEA821747B15003CBFDE /* Release */ = {
			isa = XCBuildConfiguration;
			buildSettings = {
				ALWAYS_SEARCH_USER_PATHS = NO;
				CLANG_ANALYZER_NONNULL = YES;
				CLANG_ANALYZER_NUMBER_OBJECT_CONVERSION = YES_AGGRESSIVE;
				CLANG_CXX_LANGUAGE_STANDARD = "gnu++14";
				CLANG_CXX_LIBRARY = "libc++";
				CLANG_ENABLE_MODULES = YES;
				CLANG_ENABLE_OBJC_ARC = YES;
				CLANG_ENABLE_OBJC_WEAK = YES;
				CLANG_WARN_BLOCK_CAPTURE_AUTORELEASING = YES;
				CLANG_WARN_BOOL_CONVERSION = YES;
				CLANG_WARN_COMMA = YES;
				CLANG_WARN_CONSTANT_CONVERSION = YES;
				CLANG_WARN_DEPRECATED_OBJC_IMPLEMENTATIONS = YES;
				CLANG_WARN_DIRECT_OBJC_ISA_USAGE = YES_ERROR;
				CLANG_WARN_DOCUMENTATION_COMMENTS = YES;
				CLANG_WARN_EMPTY_BODY = YES;
				CLANG_WARN_ENUM_CONVERSION = YES;
				CLANG_WARN_INFINITE_RECURSION = YES;
				CLANG_WARN_INT_CONVERSION = YES;
				CLANG_WARN_NON_LITERAL_NULL_CONVERSION = YES;
				CLANG_WARN_OBJC_IMPLICIT_RETAIN_SELF = YES;
				CLANG_WARN_OBJC_LITERAL_CONVERSION = YES;
				CLANG_WARN_OBJC_ROOT_CLASS = YES_ERROR;
				CLANG_WARN_RANGE_LOOP_ANALYSIS = YES;
				CLANG_WARN_STRICT_PROTOTYPES = YES;
				CLANG_WARN_SUSPICIOUS_MOVE = YES;
				CLANG_WARN_UNGUARDED_AVAILABILITY = YES_AGGRESSIVE;
				CLANG_WARN_UNREACHABLE_CODE = YES;
				CLANG_WARN__DUPLICATE_METHOD_MATCH = YES;
				CODE_SIGN_IDENTITY = "iPhone Developer";
				COPY_PHASE_STRIP = NO;
				DEBUG_INFORMATION_FORMAT = "dwarf-with-dsym";
				ENABLE_NS_ASSERTIONS = NO;
				ENABLE_STRICT_OBJC_MSGSEND = YES;
				GCC_C_LANGUAGE_STANDARD = gnu11;
				GCC_NO_COMMON_BLOCKS = YES;
				GCC_WARN_64_TO_32_BIT_CONVERSION = YES;
				GCC_WARN_ABOUT_RETURN_TYPE = YES_ERROR;
				GCC_WARN_UNDECLARED_SELECTOR = YES;
				GCC_WARN_UNINITIALIZED_AUTOS = YES_AGGRESSIVE;
				GCC_WARN_UNUSED_FUNCTION = YES;
				GCC_WARN_UNUSED_VARIABLE = YES;
				IPHONEOS_DEPLOYMENT_TARGET = 12.0;
				MTL_ENABLE_DEBUG_INFO = NO;
				MTL_FAST_MATH = YES;
				SDKROOT = iphoneos;
				VALIDATE_PRODUCT = YES;
			};
			name = Release;
		};
		7063DEAA21747B15003CBFDE /* Debug */ = {
			isa = XCBuildConfiguration;
			buildSettings = {
				ASSETCATALOG_COMPILER_APPICON_NAME = AppIcon;
				CODE_SIGN_STYLE = Automatic;
				DEVELOPMENT_TEAM = C5YS83334Q;
				INFOPLIST_FILE = GitTerminalExample/Info.plist;
				LD_RUNPATH_SEARCH_PATHS = (
					"$(inherited)",
					"@executable_path/Frameworks",
				);
				PRODUCT_BUNDLE_IDENTIFIER = com.mtlapps.dashPlayer.GitTerminalExample;
				PRODUCT_NAME = "$(TARGET_NAME)";
				TARGETED_DEVICE_FAMILY = "1,2";
			};
			name = Debug;
		};
		7063DEAB21747B15003CBFDE /* Release */ = {
			isa = XCBuildConfiguration;
			buildSettings = {
				ASSETCATALOG_COMPILER_APPICON_NAME = AppIcon;
				CODE_SIGN_STYLE = Automatic;
				DEVELOPMENT_TEAM = C5YS83334Q;
				INFOPLIST_FILE = GitTerminalExample/Info.plist;
				LD_RUNPATH_SEARCH_PATHS = (
					"$(inherited)",
					"@executable_path/Frameworks",
				);
				PRODUCT_BUNDLE_IDENTIFIER = com.mtlapps.dashPlayer.GitTerminalExample;
				PRODUCT_NAME = "$(TARGET_NAME)";
				TARGETED_DEVICE_FAMILY = "1,2";
			};
			name = Release;
		};
		7063DEAD21747B15003CBFDE /* Debug */ = {
			isa = XCBuildConfiguration;
			buildSettings = {
				BUNDLE_LOADER = "$(TEST_HOST)";
				CODE_SIGN_STYLE = Automatic;
				INFOPLIST_FILE = GitTerminalExampleTests/Info.plist;
				LD_RUNPATH_SEARCH_PATHS = (
					"$(inherited)",
					"@executable_path/Frameworks",
					"@loader_path/Frameworks",
				);
				PRODUCT_BUNDLE_IDENTIFIER = com.mtlapps.dashPlayer.GitTerminalExampleTests;
				PRODUCT_NAME = "$(TARGET_NAME)";
				TARGETED_DEVICE_FAMILY = "1,2";
				TEST_HOST = "$(BUILT_PRODUCTS_DIR)/GitTerminalExample.app/GitTerminalExample";
			};
			name = Debug;
		};
		7063DEAE21747B15003CBFDE /* Release */ = {
			isa = XCBuildConfiguration;
			buildSettings = {
				BUNDLE_LOADER = "$(TEST_HOST)";
				CODE_SIGN_STYLE = Automatic;
				INFOPLIST_FILE = GitTerminalExampleTests/Info.plist;
				LD_RUNPATH_SEARCH_PATHS = (
					"$(inherited)",
					"@executable_path/Frameworks",
					"@loader_path/Frameworks",
				);
				PRODUCT_BUNDLE_IDENTIFIER = com.mtlapps.dashPlayer.GitTerminalExampleTests;
				PRODUCT_NAME = "$(TARGET_NAME)";
				TARGETED_DEVICE_FAMILY = "1,2";
				TEST_HOST = "$(BUILT_PRODUCTS_DIR)/GitTerminalExample.app/GitTerminalExample";
			};
			name = Release;
		};
		7063DEB021747B15003CBFDE /* Debug */ = {
			isa = XCBuildConfiguration;
			buildSettings = {
				CODE_SIGN_STYLE = Automatic;
				INFOPLIST_FILE = GitTerminalExampleUITests/Info.plist;
				LD_RUNPATH_SEARCH_PATHS = (
					"$(inherited)",
					"@executable_path/Frameworks",
					"@loader_path/Frameworks",
				);
				PRODUCT_BUNDLE_IDENTIFIER = com.mtlapps.dashPlayer.GitTerminalExampleUITests;
				PRODUCT_NAME = "$(TARGET_NAME)";
				TARGETED_DEVICE_FAMILY = "1,2";
				TEST_TARGET_NAME = GitTerminalExample;
			};
			name = Debug;
		};
		7063DEB121747B15003CBFDE /* Release */ = {
			isa = XCBuildConfiguration;
			buildSettings = {
				CODE_SIGN_STYLE = Automatic;
				INFOPLIST_FILE = GitTerminalExampleUITests/Info.plist;
				LD_RUNPATH_SEARCH_PATHS = (
					"$(inherited)",
					"@executable_path/Frameworks",
					"@loader_path/Frameworks",
				);
				PRODUCT_BUNDLE_IDENTIFIER = com.mtlapps.dashPlayer.GitTerminalExampleUITests;
				PRODUCT_NAME = "$(TARGET_NAME)";
				TARGETED_DEVICE_FAMILY = "1,2";
				TEST_TARGET_NAME = GitTerminalExample;
			};
			name = Release;
		};
/* End XCBuildConfiguration section */

/* Begin XCConfigurationList section */
		7063DE7821747B13003CBFDE /* Build configuration list for PBXProject "GitTerminalExample" */ = {
			isa = XCConfigurationList;
			buildConfigurations = (
				7063DEA721747B15003CBFDE /* Debug */,
				7063DEA821747B15003CBFDE /* Release */,
			);
			defaultConfigurationIsVisible = 0;
			defaultConfigurationName = Release;
		};
		7063DEA921747B15003CBFDE /* Build configuration list for PBXNativeTarget "GitTerminalExample" */ = {
			isa = XCConfigurationList;
			buildConfigurations = (
				7063DEAA21747B15003CBFDE /* Debug */,
				7063DEAB21747B15003CBFDE /* Release */,
			);
			defaultConfigurationIsVisible = 0;
			defaultConfigurationName = Release;
		};
		7063DEAC21747B15003CBFDE /* Build configuration list for PBXNativeTarget "GitTerminalExampleTests" */ = {
			isa = XCConfigurationList;
			buildConfigurations = (
				7063DEAD21747B15003CBFDE /* Debug */,
				7063DEAE21747B15003CBFDE /* Release */,
			);
			defaultConfigurationIsVisible = 0;
			defaultConfigurationName = Release;
		};
		7063DEAF21747B15003CBFDE /* Build configuration list for PBXNativeTarget "GitTerminalExampleUITests" */ = {
			isa = XCConfigurationList;
			buildConfigurations = (
				7063DEB021747B15003CBFDE /* Debug */,
				7063DEB121747B15003CBFDE /* Release */,
			);
			defaultConfigurationIsVisible = 0;
			defaultConfigurationName = Release;
		};
/* End XCConfigurationList section */
	};
	rootObject = 7063DE7521747B13003CBFDE /* Project object */;
}
